
Microsoft Visual Studio Solution File, Format Version 12.00
# Visual Studio Version 17
VisualStudioVersion = 17.9.34622.214
MinimumVisualStudioVersion = 10.0.40219.1
Project("{9A19103F-16F7-4668-BE54-9A1E7A4F7556}") = "FizzBuzz", "FizzBuzz\FizzBuzz.csproj", "{839228A5-2123-42BF-8D2E-2489C3326A25}"
EndProject
Project("{9A19103F-16F7-4668-BE54-9A1E7A4F7556}") = "FizzBuzz.Tests", "FizzBuzz.Tests\FizzBuzz.Tests.csproj", "{CF972FBA-9CAF-4A05-B65F-28BD0E2596FB}"
EndProject
Project("{FAE04EC0-301F-11D3-BF4B-00C04F79EFBC}") = "FizzBuzzEngine", "FizzBuzzEngine\FizzBuzzEngine.csproj", "{9E7C435F-E254-42B3-89A8-E89F08B13B8B}"
EndProject
Global
	GlobalSection(SolutionConfigurationPlatforms) = preSolution
		Debug|Any CPU = Debug|Any CPU
		Release|Any CPU = Release|Any CPU
	EndGlobalSection
	GlobalSection(ProjectConfigurationPlatforms) = postSolution
		{839228A5-2123-42BF-8D2E-2489C3326A25}.Debug|Any CPU.ActiveCfg = Debug|Any CPU
		{839228A5-2123-42BF-8D2E-2489C3326A25}.Debug|Any CPU.Build.0 = Debug|Any CPU
		{839228A5-2123-42BF-8D2E-2489C3326A25}.Release|Any CPU.ActiveCfg = Release|Any CPU
		{839228A5-2123-42BF-8D2E-2489C3326A25}.Release|Any CPU.Build.0 = Release|Any CPU
		{CF972FBA-9CAF-4A05-B65F-28BD0E2596FB}.Debug|Any CPU.ActiveCfg = Debug|Any CPU
		{CF972FBA-9CAF-4A05-B65F-28BD0E2596FB}.Debug|Any CPU.Build.0 = Debug|Any CPU
		{CF972FBA-9CAF-4A05-B65F-28BD0E2596FB}.Release|Any CPU.ActiveCfg = Release|Any CPU
		{CF972FBA-9CAF-4A05-B65F-28BD0E2596FB}.Release|Any CPU.Build.0 = Release|Any CPU
		{9E7C435F-E254-42B3-89A8-E89F08B13B8B}.Debug|Any CPU.ActiveCfg = Debug|Any CPU
		{9E7C435F-E254-42B3-89A8-E89F08B13B8B}.Debug|Any CPU.Build.0 = Debug|Any CPU
		{9E7C435F-E254-42B3-89A8-E89F08B13B8B}.Release|Any CPU.ActiveCfg = Release|Any CPU
		{9E7C435F-E254-42B3-89A8-E89F08B13B8B}.Release|Any CPU.Build.0 = Release|Any CPU
	EndGlobalSection
	GlobalSection(SolutionProperties) = preSolution
		HideSolutionNode = FALSE
	EndGlobalSection
	GlobalSection(ExtensibilityGlobals) = postSolution
		SolutionGuid = {0F20546F-9191-4A81-897C-CD6018C51CF5}
	EndGlobalSection
EndGlobal
